
Microsoft Visual Studio Solution File, Format Version 12.00
# Visual Studio Version 17
VisualStudioVersion = 17.5.33530.505
MinimumVisualStudioVersion = 10.0.40219.1
Project("{FAE04EC0-301F-11D3-BF4B-00C04F79EFBC}") = "restfulproject", "restfulproject\restfulproject.csproj", "{38C5DE2D-1B32-4811-A978-963075C6972C}"
EndProject
Global
	GlobalSection(SolutionConfigurationPlatforms) = preSolution
		Debug|Any CPU = Debug|Any CPU
		Release|Any CPU = Release|Any CPU
	EndGlobalSection
	GlobalSection(ProjectConfigurationPlatforms) = postSolution
		{38C5DE2D-1B32-4811-A978-963075C6972C}.Debug|Any CPU.ActiveCfg = Debug|Any CPU
		{38C5DE2D-1B32-4811-A978-963075C6972C}.Debug|Any CPU.Build.0 = Debug|Any CPU
		{38C5DE2D-1B32-4811-A978-963075C6972C}.Release|Any CPU.ActiveCfg = Release|Any CPU
		{38C5DE2D-1B32-4811-A978-963075C6972C}.Release|Any CPU.Build.0 = Release|Any CPU
	EndGlobalSection
	GlobalSection(SolutionProperties) = preSolution
		HideSolutionNode = FALSE
	EndGlobalSection
	GlobalSection(ExtensibilityGlobals) = postSolution
		SolutionGuid = {9264D57E-D246-4503-A5EC-CD094BD972DD}
	EndGlobalSection
EndGlobal
